
Microsoft Visual Studio Solution File, Format Version 12.00
# Visual Studio Version 17
VisualStudioVersion = 17.1.32328.378
MinimumVisualStudioVersion = 10.0.40219.1
Project("{FAE04EC0-301F-11D3-BF4B-00C04F79EFBC}") = "TemplateProjekt", "TemplateProjekt\TemplateProjekt.csproj", "{7C7EF958-4E43-4D62-975B-E139190577C0}"
EndProject
Global
	GlobalSection(SolutionConfigurationPlatforms) = preSolution
		Debug|Any CPU = Debug|Any CPU
		Release|Any CPU = Release|Any CPU
	EndGlobalSection
	GlobalSection(ProjectConfigurationPlatforms) = postSolution
		{7C7EF958-4E43-4D62-975B-E139190577C0}.Debug|Any CPU.ActiveCfg = Debug|Any CPU
		{7C7EF958-4E43-4D62-975B-E139190577C0}.Debug|Any CPU.Build.0 = Debug|Any CPU
		{7C7EF958-4E43-4D62-975B-E139190577C0}.Release|Any CPU.ActiveCfg = Release|Any CPU
		{7C7EF958-4E43-4D62-975B-E139190577C0}.Release|Any CPU.Build.0 = Release|Any CPU
	EndGlobalSection
	GlobalSection(SolutionProperties) = preSolution
		HideSolutionNode = FALSE
	EndGlobalSection
	GlobalSection(ExtensibilityGlobals) = postSolution
		SolutionGuid = {5D00ECF3-43B9-4943-B6FE-6206488AF40A}
	EndGlobalSection
EndGlobal
